
Microsoft Visual Studio Solution File, Format Version 12.00
# Visual Studio Version 17
VisualStudioVersion = 17.8.34112.27
MinimumVisualStudioVersion = 10.0.40219.1
Project("{FAE04EC0-301F-11D3-BF4B-00C04F79EFBC}") = "01_MainSubjects", "01_MainSubjects\01_MainSubjects.csproj", "{EF19F5DF-29CB-40D4-915B-E0C4CC024E01}"
EndProject
Project("{FAE04EC0-301F-11D3-BF4B-00C04F79EFBC}") = "02_Variables", "02_Variables\02_Variables.csproj", "{3C1590D2-1E88-4A3E-AED7-4F8FD9040A85}"
EndProject
Project("{FAE04EC0-301F-11D3-BF4B-00C04F79EFBC}") = "03_MakingDesicion", "03_MakingDesicion\03_MakingDesicion.csproj", "{8E2FA566-B0DC-454A-8069-B12B287A6641}"
EndProject
Project("{FAE04EC0-301F-11D3-BF4B-00C04F79EFBC}") = "04_Loops", "04_Loops\04_Loops.csproj", "{5E95904B-4559-4023-BBAB-886CCF2A87BE}"
EndProject
Project("{FAE04EC0-301F-11D3-BF4B-00C04F79EFBC}") = "05_LoopsWithStarts", "05_LoopsWithStarts\05_LoopsWithStarts.csproj", "{B02A6A4B-EC97-4DD0-848D-45211E8F60D9}"
EndProject
Project("{FAE04EC0-301F-11D3-BF4B-00C04F79EFBC}") = "06_Arrays", "06_Arrays\06_Arrays.csproj", "{ECCAF06A-E3DF-42E6-9B96-C74825D7C322}"
EndProject
Project("{FAE04EC0-301F-11D3-BF4B-00C04F79EFBC}") = "07_ForeachLoop", "07_ForeachLoop\07_ForeachLoop.csproj", "{D781DB5E-B60B-4204-8A86-26A97F245FAC}"
EndProject
Project("{FAE04EC0-301F-11D3-BF4B-00C04F79EFBC}") = "08_Methods", "08_Methods\08_Methods.csproj", "{AE44CCC1-A17B-4DA0-98DF-24537B38EC7B}"
EndProject
Project("{FAE04EC0-301F-11D3-BF4B-00C04F79EFBC}") = "09_DatabaseProject", "09_DatabaseProject\09_DatabaseProject.csproj", "{D373E2E1-C870-486F-A448-230FBE81A016}"
EndProject
Project("{FAE04EC0-301F-11D3-BF4B-00C04F79EFBC}") = "10_DatabaseCrud", "10_DatabaseCrud\10_DatabaseCrud.csproj", "{05418F29-F920-484F-BF25-B3EEBB6B2161}"
EndProject
Global
	GlobalSection(SolutionConfigurationPlatforms) = preSolution
		Debug|Any CPU = Debug|Any CPU
		Release|Any CPU = Release|Any CPU
	EndGlobalSection
	GlobalSection(ProjectConfigurationPlatforms) = postSolution
		{EF19F5DF-29CB-40D4-915B-E0C4CC024E01}.Debug|Any CPU.ActiveCfg = Debug|Any CPU
		{EF19F5DF-29CB-40D4-915B-E0C4CC024E01}.Debug|Any CPU.Build.0 = Debug|Any CPU
		{EF19F5DF-29CB-40D4-915B-E0C4CC024E01}.Release|Any CPU.ActiveCfg = Release|Any CPU
		{EF19F5DF-29CB-40D4-915B-E0C4CC024E01}.Release|Any CPU.Build.0 = Release|Any CPU
		{3C1590D2-1E88-4A3E-AED7-4F8FD9040A85}.Debug|Any CPU.ActiveCfg = Debug|Any CPU
		{3C1590D2-1E88-4A3E-AED7-4F8FD9040A85}.Debug|Any CPU.Build.0 = Debug|Any CPU
		{3C1590D2-1E88-4A3E-AED7-4F8FD9040A85}.Release|Any CPU.ActiveCfg = Release|Any CPU
		{3C1590D2-1E88-4A3E-AED7-4F8FD9040A85}.Release|Any CPU.Build.0 = Release|Any CPU
		{8E2FA566-B0DC-454A-8069-B12B287A6641}.Debug|Any CPU.ActiveCfg = Debug|Any CPU
		{8E2FA566-B0DC-454A-8069-B12B287A6641}.Debug|Any CPU.Build.0 = Debug|Any CPU
		{8E2FA566-B0DC-454A-8069-B12B287A6641}.Release|Any CPU.ActiveCfg = Release|Any CPU
		{8E2FA566-B0DC-454A-8069-B12B287A6641}.Release|Any CPU.Build.0 = Release|Any CPU
		{5E95904B-4559-4023-BBAB-886CCF2A87BE}.Debug|Any CPU.ActiveCfg = Debug|Any CPU
		{5E95904B-4559-4023-BBAB-886CCF2A87BE}.Debug|Any CPU.Build.0 = Debug|Any CPU
		{5E95904B-4559-4023-BBAB-886CCF2A87BE}.Release|Any CPU.ActiveCfg = Release|Any CPU
		{5E95904B-4559-4023-BBAB-886CCF2A87BE}.Release|Any CPU.Build.0 = Release|Any CPU
		{B02A6A4B-EC97-4DD0-848D-45211E8F60D9}.Debug|Any CPU.ActiveCfg = Debug|Any CPU
		{B02A6A4B-EC97-4DD0-848D-45211E8F60D9}.Debug|Any CPU.Build.0 = Debug|Any CPU
		{B02A6A4B-EC97-4DD0-848D-45211E8F60D9}.Release|Any CPU.ActiveCfg = Release|Any CPU
		{B02A6A4B-EC97-4DD0-848D-45211E8F60D9}.Release|Any CPU.Build.0 = Release|Any CPU
		{ECCAF06A-E3DF-42E6-9B96-C74825D7C322}.Debug|Any CPU.ActiveCfg = Debug|Any CPU
		{ECCAF06A-E3DF-42E6-9B96-C74825D7C322}.Debug|Any CPU.Build.0 = Debug|Any CPU
		{ECCAF06A-E3DF-42E6-9B96-C74825D7C322}.Release|Any CPU.ActiveCfg = Release|Any CPU
		{ECCAF06A-E3DF-42E6-9B96-C74825D7C322}.Release|Any CPU.Build.0 = Release|Any CPU
		{D781DB5E-B60B-4204-8A86-26A97F245FAC}.Debug|Any CPU.ActiveCfg = Debug|Any CPU
		{D781DB5E-B60B-4204-8A86-26A97F245FAC}.Debug|Any CPU.Build.0 = Debug|Any CPU
		{D781DB5E-B60B-4204-8A86-26A97F245FAC}.Release|Any CPU.ActiveCfg = Release|Any CPU
		{D781DB5E-B60B-4204-8A86-26A97F245FAC}.Release|Any CPU.Build.0 = Release|Any CPU
		{AE44CCC1-A17B-4DA0-98DF-24537B38EC7B}.Debug|Any CPU.ActiveCfg = Debug|Any CPU
		{AE44CCC1-A17B-4DA0-98DF-24537B38EC7B}.Debug|Any CPU.Build.0 = Debug|Any CPU
		{AE44CCC1-A17B-4DA0-98DF-24537B38EC7B}.Release|Any CPU.ActiveCfg = Release|Any CPU
		{AE44CCC1-A17B-4DA0-98DF-24537B38EC7B}.Release|Any CPU.Build.0 = Release|Any CPU
		{D373E2E1-C870-486F-A448-230FBE81A016}.Debug|Any CPU.ActiveCfg = Debug|Any CPU
		{D373E2E1-C870-486F-A448-230FBE81A016}.Debug|Any CPU.Build.0 = Debug|Any CPU
		{D373E2E1-C870-486F-A448-230FBE81A016}.Release|Any CPU.ActiveCfg = Release|Any CPU
		{D373E2E1-C870-486F-A448-230FBE81A016}.Release|Any CPU.Build.0 = Release|Any CPU
		{05418F29-F920-484F-BF25-B3EEBB6B2161}.Debug|Any CPU.ActiveCfg = Debug|Any CPU
		{05418F29-F920-484F-BF25-B3EEBB6B2161}.Debug|Any CPU.Build.0 = Debug|Any CPU
		{05418F29-F920-484F-BF25-B3EEBB6B2161}.Release|Any CPU.ActiveCfg = Release|Any CPU
		{05418F29-F920-484F-BF25-B3EEBB6B2161}.Release|Any CPU.Build.0 = Release|Any CPU
	EndGlobalSection
	GlobalSection(SolutionProperties) = preSolution
		HideSolutionNode = FALSE
	EndGlobalSection
	GlobalSection(ExtensibilityGlobals) = postSolution
		SolutionGuid = {C0CB975E-EE11-4323-BB20-0D9E29EE19FD}
	EndGlobalSection
EndGlobal
